// !$*UTF8*$!
{
	archiveVersion = 1;
	classes = {
	};
	objectVersion = 46;
	objects = {

/* Begin PBXBuildFile section */
		C99E3F59EA4A229CCB3FF10D /* Pods_theAlphaDex.framework in Frameworks */ = {isa = PBXBuildFile; fileRef = 1D0643C9202D7BF32624B897 /* Pods_theAlphaDex.framework */; };
		D28A32DA1E1875860065374C /* AppDelegate.swift in Sources */ = {isa = PBXBuildFile; fileRef = D28A32D91E1875860065374C /* AppDelegate.swift */; };
		D28A32DC1E1875860065374C /* ViewController.swift in Sources */ = {isa = PBXBuildFile; fileRef = D28A32DB1E1875860065374C /* ViewController.swift */; };
		D28A32DF1E1875860065374C /* Main.storyboard in Resources */ = {isa = PBXBuildFile; fileRef = D28A32DD1E1875860065374C /* Main.storyboard */; };
		D28A32E11E1875860065374C /* Assets.xcassets in Resources */ = {isa = PBXBuildFile; fileRef = D28A32E01E1875860065374C /* Assets.xcassets */; };
		D28A32E41E1875860065374C /* LaunchScreen.storyboard in Resources */ = {isa = PBXBuildFile; fileRef = D28A32E21E1875860065374C /* LaunchScreen.storyboard */; };
		D28A32EC1E1875D00065374C /* pokemon.csv in Resources */ = {isa = PBXBuildFile; fileRef = D28A32EB1E1875D00065374C /* pokemon.csv */; };
		D28A32EE1E18762D0065374C /* Pokemon.swift in Sources */ = {isa = PBXBuildFile; fileRef = D28A32ED1E18762D0065374C /* Pokemon.swift */; };
		D28A32F21E187DB10065374C /* PokeCell.swift in Sources */ = {isa = PBXBuildFile; fileRef = D28A32F11E187DB10065374C /* PokeCell.swift */; };
		D28A32F41E18943D0065374C /* csv.swift in Sources */ = {isa = PBXBuildFile; fileRef = D28A32F31E18943D0065374C /* csv.swift */; };
		D28A32F71E189BCD0065374C /* PokemonSolid.ttf in Resources */ = {isa = PBXBuildFile; fileRef = D28A32F61E189BCD0065374C /* PokemonSolid.ttf */; };
		D28A32FB1E189EB00065374C /* music.mp3 in Resources */ = {isa = PBXBuildFile; fileRef = D28A32FA1E189EB00065374C /* music.mp3 */; };
		D28A32FD1E1982DB0065374C /* PokemonDetailVC.swift in Sources */ = {isa = PBXBuildFile; fileRef = D28A32FC1E1982DB0065374C /* PokemonDetailVC.swift */; };
		D28A33081E19A1BF0065374C /* Constants.swift in Sources */ = {isa = PBXBuildFile; fileRef = D28A33071E19A1BF0065374C /* Constants.swift */; };
/* End PBXBuildFile section */

/* Begin PBXContainerItemProxy section */
		D28A33031E19A11F0065374C /* PBXContainerItemProxy */ = {
			isa = PBXContainerItemProxy;
			containerPortal = D28A32FE1E19A11F0065374C /* Pods.xcodeproj */;
			proxyType = 2;
			remoteGlobalIDString = 5E9B2177135ED585EEB8133A20E3129B;
			remoteInfo = Alamofire;
		};
		D28A33051E19A11F0065374C /* PBXContainerItemProxy */ = {
			isa = PBXContainerItemProxy;
			containerPortal = D28A32FE1E19A11F0065374C /* Pods.xcodeproj */;
			proxyType = 2;
			remoteGlobalIDString = B8FC31ADE5B4D242D80FDC7121642A83;
			remoteInfo = "Pods-theAlphaDex";
		};
/* End PBXContainerItemProxy section */

/* Begin PBXFileReference section */
		1D0643C9202D7BF32624B897 /* Pods_theAlphaDex.framework */ = {isa = PBXFileReference; explicitFileType = wrapper.framework; includeInIndex = 0; path = Pods_theAlphaDex.framework; sourceTree = BUILT_PRODUCTS_DIR; };
		95A96A348CBAC34745B62D5D /* Pods-theAlphaDex.debug.xcconfig */ = {isa = PBXFileReference; includeInIndex = 1; lastKnownFileType = text.xcconfig; name = "Pods-theAlphaDex.debug.xcconfig"; path = "Pods/Target Support Files/Pods-theAlphaDex/Pods-theAlphaDex.debug.xcconfig"; sourceTree = "<group>"; };
		D28A32D61E1875860065374C /* theAlphaDex.app */ = {isa = PBXFileReference; explicitFileType = wrapper.application; includeInIndex = 0; path = theAlphaDex.app; sourceTree = BUILT_PRODUCTS_DIR; };
		D28A32D91E1875860065374C /* AppDelegate.swift */ = {isa = PBXFileReference; lastKnownFileType = sourcecode.swift; path = AppDelegate.swift; sourceTree = "<group>"; };
		D28A32DB1E1875860065374C /* ViewController.swift */ = {isa = PBXFileReference; lastKnownFileType = sourcecode.swift; path = ViewController.swift; sourceTree = "<group>"; };
		D28A32DE1E1875860065374C /* Base */ = {isa = PBXFileReference; lastKnownFileType = file.storyboard; name = Base; path = Base.lproj/Main.storyboard; sourceTree = "<group>"; };
		D28A32E01E1875860065374C /* Assets.xcassets */ = {isa = PBXFileReference; lastKnownFileType = folder.assetcatalog; path = Assets.xcassets; sourceTree = "<group>"; };
		D28A32E31E1875860065374C /* Base */ = {isa = PBXFileReference; lastKnownFileType = file.storyboard; name = Base; path = Base.lproj/LaunchScreen.storyboard; sourceTree = "<group>"; };
		D28A32E51E1875860065374C /* Info.plist */ = {isa = PBXFileReference; lastKnownFileType = text.plist.xml; path = Info.plist; sourceTree = "<group>"; };
		D28A32EB1E1875D00065374C /* pokemon.csv */ = {isa = PBXFileReference; fileEncoding = 4; lastKnownFileType = text; path = pokemon.csv; sourceTree = "<group>"; };
		D28A32ED1E18762D0065374C /* Pokemon.swift */ = {isa = PBXFileReference; fileEncoding = 4; lastKnownFileType = sourcecode.swift; path = Pokemon.swift; sourceTree = "<group>"; };
		D28A32F11E187DB10065374C /* PokeCell.swift */ = {isa = PBXFileReference; fileEncoding = 4; lastKnownFileType = sourcecode.swift; path = PokeCell.swift; sourceTree = "<group>"; };
		D28A32F31E18943D0065374C /* csv.swift */ = {isa = PBXFileReference; fileEncoding = 4; lastKnownFileType = sourcecode.swift; path = csv.swift; sourceTree = "<group>"; };
		D28A32F61E189BCD0065374C /* PokemonSolid.ttf */ = {isa = PBXFileReference; lastKnownFileType = file; path = PokemonSolid.ttf; sourceTree = "<group>"; };
		D28A32FA1E189EB00065374C /* music.mp3 */ = {isa = PBXFileReference; lastKnownFileType = audio.mp3; path = music.mp3; sourceTree = "<group>"; };
		D28A32FC1E1982DB0065374C /* PokemonDetailVC.swift */ = {isa = PBXFileReference; fileEncoding = 4; lastKnownFileType = sourcecode.swift; path = PokemonDetailVC.swift; sourceTree = "<group>"; };
		D28A32FE1E19A11F0065374C /* Pods.xcodeproj */ = {isa = PBXFileReference; lastKnownFileType = "wrapper.pb-project"; name = Pods.xcodeproj; path = Pods/Pods.xcodeproj; sourceTree = "<group>"; };
		D28A33071E19A1BF0065374C /* Constants.swift */ = {isa = PBXFileReference; fileEncoding = 4; lastKnownFileType = sourcecode.swift; path = Constants.swift; sourceTree = "<group>"; };
		D83F3A191E973BE40D356E09 /* Pods-theAlphaDex.release.xcconfig */ = {isa = PBXFileReference; includeInIndex = 1; lastKnownFileType = text.xcconfig; name = "Pods-theAlphaDex.release.xcconfig"; path = "Pods/Target Support Files/Pods-theAlphaDex/Pods-theAlphaDex.release.xcconfig"; sourceTree = "<group>"; };
/* End PBXFileReference section */

/* Begin PBXFrameworksBuildPhase section */
		D28A32D31E1875860065374C /* Frameworks */ = {
			isa = PBXFrameworksBuildPhase;
			buildActionMask = 2147483647;
			files = (
				C99E3F59EA4A229CCB3FF10D /* Pods_theAlphaDex.framework in Frameworks */,
			);
			runOnlyForDeploymentPostprocessing = 0;
		};
/* End PBXFrameworksBuildPhase section */

/* Begin PBXGroup section */
		407499E40DAAFA972849C3BE /* Pods */ = {
			isa = PBXGroup;
			children = (
				95A96A348CBAC34745B62D5D /* Pods-theAlphaDex.debug.xcconfig */,
				D83F3A191E973BE40D356E09 /* Pods-theAlphaDex.release.xcconfig */,
			);
			name = Pods;
			sourceTree = "<group>";
		};
		425B2BE3BC44CC50BCAF212B /* Frameworks */ = {
			isa = PBXGroup;
			children = (
				1D0643C9202D7BF32624B897 /* Pods_theAlphaDex.framework */,
			);
			name = Frameworks;
			sourceTree = "<group>";
		};
		D28A32CD1E1875860065374C = {
			isa = PBXGroup;
			children = (
				D28A32FE1E19A11F0065374C /* Pods.xcodeproj */,
				D28A32D81E1875860065374C /* theAlphaDex */,
				D28A32D71E1875860065374C /* Products */,
				407499E40DAAFA972849C3BE /* Pods */,
				425B2BE3BC44CC50BCAF212B /* Frameworks */,
			);
			sourceTree = "<group>";
		};
		D28A32D71E1875860065374C /* Products */ = {
			isa = PBXGroup;
			children = (
				D28A32D61E1875860065374C /* theAlphaDex.app */,
			);
			name = Products;
			sourceTree = "<group>";
		};
		D28A32D81E1875860065374C /* theAlphaDex */ = {
			isa = PBXGroup;
			children = (
				D28A32F81E189BEA0065374C /* Resources */,
				D28A32EF1E1876300065374C /* Model */,
				D28A32F01E187D8F0065374C /* View */,
				D28A32F51E1895970065374C /* Controller */,
				D28A32F91E189C060065374C /* Utilities */,
				D28A32D91E1875860065374C /* AppDelegate.swift */,
				D28A32DD1E1875860065374C /* Main.storyboard */,
				D28A32E01E1875860065374C /* Assets.xcassets */,
				D28A32E21E1875860065374C /* LaunchScreen.storyboard */,
				D28A32E51E1875860065374C /* Info.plist */,
			);
			path = theAlphaDex;
			sourceTree = "<group>";
		};
		D28A32EF1E1876300065374C /* Model */ = {
			isa = PBXGroup;
			children = (
				D28A32ED1E18762D0065374C /* Pokemon.swift */,
			);
			name = Model;
			sourceTree = "<group>";
		};
		D28A32F01E187D8F0065374C /* View */ = {
			isa = PBXGroup;
			children = (
				D28A32F11E187DB10065374C /* PokeCell.swift */,
			);
			name = View;
			sourceTree = "<group>";
		};
		D28A32F51E1895970065374C /* Controller */ = {
			isa = PBXGroup;
			children = (
				D28A32DB1E1875860065374C /* ViewController.swift */,
				D28A32FC1E1982DB0065374C /* PokemonDetailVC.swift */,
			);
			name = Controller;
			sourceTree = "<group>";
		};
		D28A32F81E189BEA0065374C /* Resources */ = {
			isa = PBXGroup;
			children = (
				D28A32F61E189BCD0065374C /* PokemonSolid.ttf */,
				D28A32FA1E189EB00065374C /* music.mp3 */,
				D28A32EB1E1875D00065374C /* pokemon.csv */,
			);
			name = Resources;
			sourceTree = "<group>";
		};
		D28A32F91E189C060065374C /* Utilities */ = {
			isa = PBXGroup;
			children = (
				D28A32F31E18943D0065374C /* csv.swift */,
				D28A33071E19A1BF0065374C /* Constants.swift */,
			);
			name = Utilities;
			sourceTree = "<group>";
		};
		D28A32FF1E19A11F0065374C /* Products */ = {
			isa = PBXGroup;
			children = (
				D28A33041E19A11F0065374C /* Alamofire.framework */,
				D28A33061E19A11F0065374C /* Pods_theAlphaDex.framework */,
			);
			name = Products;
			sourceTree = "<group>";
		};
/* End PBXGroup section */

/* Begin PBXNativeTarget section */
		D28A32D51E1875860065374C /* theAlphaDex */ = {
			isa = PBXNativeTarget;
			buildConfigurationList = D28A32E81E1875860065374C /* Build configuration list for PBXNativeTarget "theAlphaDex" */;
			buildPhases = (
				8B2D47E026DDDB903B656027 /* 📦 Check Pods Manifest.lock */,
				D28A32D21E1875860065374C /* Sources */,
				D28A32D31E1875860065374C /* Frameworks */,
				D28A32D41E1875860065374C /* Resources */,
				6BA40D6FD68A290E6AB6053F /* 📦 Embed Pods Frameworks */,
				A22C8A3473F0E3E9F9D9279C /* 📦 Copy Pods Resources */,
			);
			buildRules = (
			);
			dependencies = (
			);
			name = theAlphaDex;
			productName = theAlphaDex;
			productReference = D28A32D61E1875860065374C /* theAlphaDex.app */;
			productType = "com.apple.product-type.application";
		};
/* End PBXNativeTarget section */

/* Begin PBXProject section */
		D28A32CE1E1875860065374C /* Project object */ = {
			isa = PBXProject;
			attributes = {
				LastSwiftUpdateCheck = 0820;
				LastUpgradeCheck = 0820;
				ORGANIZATIONNAME = IamAdamRibblett;
				TargetAttributes = {
					D28A32D51E1875860065374C = {
						CreatedOnToolsVersion = 8.2.1;
						DevelopmentTeam = W59MJH2E9L;
						LastSwiftMigration = 0820;
						ProvisioningStyle = Automatic;
					};
				};
			};
			buildConfigurationList = D28A32D11E1875860065374C /* Build configuration list for PBXProject "theAlphaDex" */;
			compatibilityVersion = "Xcode 3.2";
			developmentRegion = English;
			hasScannedForEncodings = 0;
			knownRegions = (
				en,
				Base,
			);
			mainGroup = D28A32CD1E1875860065374C;
			productRefGroup = D28A32D71E1875860065374C /* Products */;
			projectDirPath = "";
			projectReferences = (
				{
					ProductGroup = D28A32FF1E19A11F0065374C /* Products */;
					ProjectRef = D28A32FE1E19A11F0065374C /* Pods.xcodeproj */;
				},
			);
			projectRoot = "";
			targets = (
				D28A32D51E1875860065374C /* theAlphaDex */,
			);
		};
/* End PBXProject section */

/* Begin PBXReferenceProxy section */
		D28A33041E19A11F0065374C /* Alamofire.framework */ = {
			isa = PBXReferenceProxy;
			fileType = wrapper.framework;
			path = Alamofire.framework;
			remoteRef = D28A33031E19A11F0065374C /* PBXContainerItemProxy */;
			sourceTree = BUILT_PRODUCTS_DIR;
		};
		D28A33061E19A11F0065374C /* Pods_theAlphaDex.framework */ = {
			isa = PBXReferenceProxy;
			fileType = wrapper.framework;
			path = Pods_theAlphaDex.framework;
			remoteRef = D28A33051E19A11F0065374C /* PBXContainerItemProxy */;
			sourceTree = BUILT_PRODUCTS_DIR;
		};
/* End PBXReferenceProxy section */

/* Begin PBXResourcesBuildPhase section */
		D28A32D41E1875860065374C /* Resources */ = {
			isa = PBXResourcesBuildPhase;
			buildActionMask = 2147483647;
			files = (
				D28A32F71E189BCD0065374C /* PokemonSolid.ttf in Resources */,
				D28A32E41E1875860065374C /* LaunchScreen.storyboard in Resources */,
				D28A32FB1E189EB00065374C /* music.mp3 in Resources */,
				D28A32E11E1875860065374C /* Assets.xcassets in Resources */,
				D28A32EC1E1875D00065374C /* pokemon.csv in Resources */,
				D28A32DF1E1875860065374C /* Main.storyboard in Resources */,
			);
			runOnlyForDeploymentPostprocessing = 0;
		};
/* End PBXResourcesBuildPhase section */

/* Begin PBXShellScriptBuildPhase section */
		6BA40D6FD68A290E6AB6053F /* 📦 Embed Pods Frameworks */ = {
			isa = PBXShellScriptBuildPhase;
			buildActionMask = 2147483647;
			files = (
			);
			inputPaths = (
			);
			name = "📦 Embed Pods Frameworks";
			outputPaths = (
			);
			runOnlyForDeploymentPostprocessing = 0;
			shellPath = /bin/sh;
			shellScript = "\"${SRCROOT}/Pods/Target Support Files/Pods-theAlphaDex/Pods-theAlphaDex-frameworks.sh\"\n";
			showEnvVarsInLog = 0;
		};
		8B2D47E026DDDB903B656027 /* 📦 Check Pods Manifest.lock */ = {
			isa = PBXShellScriptBuildPhase;
			buildActionMask = 2147483647;
			files = (
			);
			inputPaths = (
			);
			name = "📦 Check Pods Manifest.lock";
			outputPaths = (
			);
			runOnlyForDeploymentPostprocessing = 0;
			shellPath = /bin/sh;
			shellScript = "diff \"${PODS_ROOT}/../Podfile.lock\" \"${PODS_ROOT}/Manifest.lock\" > /dev/null\nif [[ $? != 0 ]] ; then\n    cat << EOM\nerror: The sandbox is not in sync with the Podfile.lock. Run 'pod install' or update your CocoaPods installation.\nEOM\n    exit 1\nfi\n";
			showEnvVarsInLog = 0;
		};
		A22C8A3473F0E3E9F9D9279C /* 📦 Copy Pods Resources */ = {
			isa = PBXShellScriptBuildPhase;
			buildActionMask = 2147483647;
			files = (
			);
			inputPaths = (
			);
			name = "📦 Copy Pods Resources";
			outputPaths = (
			);
			runOnlyForDeploymentPostprocessing = 0;
			shellPath = /bin/sh;
			shellScript = "\"${SRCROOT}/Pods/Target Support Files/Pods-theAlphaDex/Pods-theAlphaDex-resources.sh\"\n";
			showEnvVarsInLog = 0;
		};
/* End PBXShellScriptBuildPhase section */

/* Begin PBXSourcesBuildPhase section */
		D28A32D21E1875860065374C /* Sources */ = {
			isa = PBXSourcesBuildPhase;
			buildActionMask = 2147483647;
			files = (
				D28A32F21E187DB10065374C /* PokeCell.swift in Sources */,
				D28A32DC1E1875860065374C /* ViewController.swift in Sources */,
				D28A32DA1E1875860065374C /* AppDelegate.swift in Sources */,
				D28A32FD1E1982DB0065374C /* PokemonDetailVC.swift in Sources */,
				D28A33081E19A1BF0065374C /* Constants.swift in Sources */,
				D28A32EE1E18762D0065374C /* Pokemon.swift in Sources */,
				D28A32F41E18943D0065374C /* csv.swift in Sources */,
			);
			runOnlyForDeploymentPostprocessing = 0;
		};
/* End PBXSourcesBuildPhase section */

/* Begin PBXVariantGroup section */
		D28A32DD1E1875860065374C /* Main.storyboard */ = {
			isa = PBXVariantGroup;
			children = (
				D28A32DE1E1875860065374C /* Base */,
			);
			name = Main.storyboard;
			sourceTree = "<group>";
		};
		D28A32E21E1875860065374C /* LaunchScreen.storyboard */ = {
			isa = PBXVariantGroup;
			children = (
				D28A32E31E1875860065374C /* Base */,
			);
			name = LaunchScreen.storyboard;
			sourceTree = "<group>";
		};
/* End PBXVariantGroup section */

/* Begin XCBuildConfiguration section */
		D28A32E61E1875860065374C /* Debug */ = {
			isa = XCBuildConfiguration;
			buildSettings = {
				ALWAYS_SEARCH_USER_PATHS = NO;
				CLANG_ANALYZER_NONNULL = YES;
				CLANG_CXX_LANGUAGE_STANDARD = "gnu++0x";
				CLANG_CXX_LIBRARY = "libc++";
				CLANG_ENABLE_MODULES = YES;
				CLANG_ENABLE_OBJC_ARC = YES;
				CLANG_WARN_BOOL_CONVERSION = YES;
				CLANG_WARN_CONSTANT_CONVERSION = YES;
				CLANG_WARN_DIRECT_OBJC_ISA_USAGE = YES_ERROR;
				CLANG_WARN_DOCUMENTATION_COMMENTS = YES;
				CLANG_WARN_EMPTY_BODY = YES;
				CLANG_WARN_ENUM_CONVERSION = YES;
				CLANG_WARN_INFINITE_RECURSION = YES;
				CLANG_WARN_INT_CONVERSION = YES;
				CLANG_WARN_OBJC_ROOT_CLASS = YES_ERROR;
				CLANG_WARN_SUSPICIOUS_MOVE = YES;
				CLANG_WARN_UNREACHABLE_CODE = YES;
				CLANG_WARN__DUPLICATE_METHOD_MATCH = YES;
				"CODE_SIGN_IDENTITY[sdk=iphoneos*]" = "iPhone Developer";
				COPY_PHASE_STRIP = NO;
				DEBUG_INFORMATION_FORMAT = dwarf;
				ENABLE_STRICT_OBJC_MSGSEND = YES;
				ENABLE_TESTABILITY = YES;
				GCC_C_LANGUAGE_STANDARD = gnu99;
				GCC_DYNAMIC_NO_PIC = NO;
				GCC_NO_COMMON_BLOCKS = YES;
				GCC_OPTIMIZATION_LEVEL = 0;
				GCC_PREPROCESSOR_DEFINITIONS = (
					"DEBUG=1",
					"$(inherited)",
				);
				GCC_WARN_64_TO_32_BIT_CONVERSION = YES;
				GCC_WARN_ABOUT_RETURN_TYPE = YES_ERROR;
				GCC_WARN_UNDECLARED_SELECTOR = YES;
				GCC_WARN_UNINITIALIZED_AUTOS = YES_AGGRESSIVE;
				GCC_WARN_UNUSED_FUNCTION = YES;
				GCC_WARN_UNUSED_VARIABLE = YES;
				IPHONEOS_DEPLOYMENT_TARGET = 10.2;
				MTL_ENABLE_DEBUG_INFO = YES;
				ONLY_ACTIVE_ARCH = YES;
				SDKROOT = iphoneos;
				SWIFT_ACTIVE_COMPILATION_CONDITIONS = DEBUG;
				SWIFT_OPTIMIZATION_LEVEL = "-Onone";
			};
			name = Debug;
		};
		D28A32E71E1875860065374C /* Release */ = {
			isa = XCBuildConfiguration;
			buildSettings = {
				ALWAYS_SEARCH_USER_PATHS = NO;
				CLANG_ANALYZER_NONNULL = YES;
				CLANG_CXX_LANGUAGE_STANDARD = "gnu++0x";
				CLANG_CXX_LIBRARY = "libc++";
				CLANG_ENABLE_MODULES = YES;
				CLANG_ENABLE_OBJC_ARC = YES;
				CLANG_WARN_BOOL_CONVERSION = YES;
				CLANG_WARN_CONSTANT_CONVERSION = YES;
				CLANG_WARN_DIRECT_OBJC_ISA_USAGE = YES_ERROR;
				CLANG_WARN_DOCUMENTATION_COMMENTS = YES;
				CLANG_WARN_EMPTY_BODY = YES;
				CLANG_WARN_ENUM_CONVERSION = YES;
				CLANG_WARN_INFINITE_RECURSION = YES;
				CLANG_WARN_INT_CONVERSION = YES;
				CLANG_WARN_OBJC_ROOT_CLASS = YES_ERROR;
				CLANG_WARN_SUSPICIOUS_MOVE = YES;
				CLANG_WARN_UNREACHABLE_CODE = YES;
				CLANG_WARN__DUPLICATE_METHOD_MATCH = YES;
				"CODE_SIGN_IDENTITY[sdk=iphoneos*]" = "iPhone Developer";
				COPY_PHASE_STRIP = NO;
				DEBUG_INFORMATION_FORMAT = "dwarf-with-dsym";
				ENABLE_NS_ASSERTIONS = NO;
				ENABLE_STRICT_OBJC_MSGSEND = YES;
				GCC_C_LANGUAGE_STANDARD = gnu99;
				GCC_NO_COMMON_BLOCKS = YES;
				GCC_WARN_64_TO_32_BIT_CONVERSION = YES;
				GCC_WARN_ABOUT_RETURN_TYPE = YES_ERROR;
				GCC_WARN_UNDECLARED_SELECTOR = YES;
				GCC_WARN_UNINITIALIZED_AUTOS = YES_AGGRESSIVE;
				GCC_WARN_UNUSED_FUNCTION = YES;
				GCC_WARN_UNUSED_VARIABLE = YES;
				IPHONEOS_DEPLOYMENT_TARGET = 10.2;
				MTL_ENABLE_DEBUG_INFO = NO;
				SDKROOT = iphoneos;
				SWIFT_OPTIMIZATION_LEVEL = "-Owholemodule";
				VALIDATE_PRODUCT = YES;
			};
			name = Release;
		};
		D28A32E91E1875860065374C /* Debug */ = {
			isa = XCBuildConfiguration;
			baseConfigurationReference = 95A96A348CBAC34745B62D5D /* Pods-theAlphaDex.debug.xcconfig */;
			buildSettings = {
				ASSETCATALOG_COMPILER_APPICON_NAME = AppIcon;
				DEVELOPMENT_TEAM = W59MJH2E9L;
				INFOPLIST_FILE = theAlphaDex/Info.plist;
				LD_RUNPATH_SEARCH_PATHS = "$(inherited) @executable_path/Frameworks";
				PRODUCT_BUNDLE_IDENTIFIER = com.adam.ribblett.theAlphaDex;
				PRODUCT_NAME = "$(TARGET_NAME)";
				SWIFT_VERSION = 3.0;
			};
			name = Debug;
		};
		D28A32EA1E1875860065374C /* Release */ = {
			isa = XCBuildConfiguration;
			baseConfigurationReference = D83F3A191E973BE40D356E09 /* Pods-theAlphaDex.release.xcconfig */;
			buildSettings = {
				ASSETCATALOG_COMPILER_APPICON_NAME = AppIcon;
				DEVELOPMENT_TEAM = W59MJH2E9L;
				INFOPLIST_FILE = theAlphaDex/Info.plist;
				LD_RUNPATH_SEARCH_PATHS = "$(inherited) @executable_path/Frameworks";
				PRODUCT_BUNDLE_IDENTIFIER = com.adam.ribblett.theAlphaDex;
				PRODUCT_NAME = "$(TARGET_NAME)";
				SWIFT_VERSION = 3.0;
			};
			name = Release;
		};
/* End XCBuildConfiguration section */

/* Begin XCConfigurationList section */
		D28A32D11E1875860065374C /* Build configuration list for PBXProject "theAlphaDex" */ = {
			isa = XCConfigurationList;
			buildConfigurations = (
				D28A32E61E1875860065374C /* Debug */,
				D28A32E71E1875860065374C /* Release */,
			);
			defaultConfigurationIsVisible = 0;
			defaultConfigurationName = Release;
		};
		D28A32E81E1875860065374C /* Build configuration list for PBXNativeTarget "theAlphaDex" */ = {
			isa = XCConfigurationList;
			buildConfigurations = (
				D28A32E91E1875860065374C /* Debug */,
				D28A32EA1E1875860065374C /* Release */,
			);
			defaultConfigurationIsVisible = 0;
			defaultConfigurationName = Release;
		};
/* End XCConfigurationList section */
	};
	rootObject = D28A32CE1E1875860065374C /* Project object */;
}
